
Microsoft Visual Studio Solution File, Format Version 12.00
# Visual Studio Version 17
VisualStudioVersion = 17.5.33627.172
MinimumVisualStudioVersion = 10.0.40219.1
Project("{FAE04EC0-301F-11D3-BF4B-00C04F79EFBC}") = "ProgGraficaTareas", "ProgGraficaTareas\ProgGraficaTareas.csproj", "{B0CE4048-4434-4D0A-AE08-3161FAC0112E}"
EndProject
Global
	GlobalSection(SolutionConfigurationPlatforms) = preSolution
		Debug|Any CPU = Debug|Any CPU
		Release|Any CPU = Release|Any CPU
	EndGlobalSection
	GlobalSection(ProjectConfigurationPlatforms) = postSolution
		{B0CE4048-4434-4D0A-AE08-3161FAC0112E}.Debug|Any CPU.ActiveCfg = Debug|Any CPU
		{B0CE4048-4434-4D0A-AE08-3161FAC0112E}.Debug|Any CPU.Build.0 = Debug|Any CPU
		{B0CE4048-4434-4D0A-AE08-3161FAC0112E}.Release|Any CPU.ActiveCfg = Release|Any CPU
		{B0CE4048-4434-4D0A-AE08-3161FAC0112E}.Release|Any CPU.Build.0 = Release|Any CPU
	EndGlobalSection
	GlobalSection(SolutionProperties) = preSolution
		HideSolutionNode = FALSE
	EndGlobalSection
	GlobalSection(ExtensibilityGlobals) = postSolution
		SolutionGuid = {3A4C901E-9FE6-4B3A-94C1-969209775D01}
	EndGlobalSection
EndGlobal
